// !$*UTF8*$!
{
	archiveVersion = 1;
	classes = {
	};
	objectVersion = 56;
	objects = {

/* Begin PBXBuildFile section */
		B221843D2CE9F0E3005E33A2 /* AppDelegate.swift in Sources */ = {isa = PBXBuildFile; fileRef = B221843C2CE9F0E3005E33A2 /* AppDelegate.swift */; };
		B22184412CE9F0E3005E33A2 /* RootTabBarController.swift in Sources */ = {isa = PBXBuildFile; fileRef = B22184402CE9F0E3005E33A2 /* RootTabBarController.swift */; };
		B22184462CE9F0E5005E33A2 /* Assets.xcassets in Resources */ = {isa = PBXBuildFile; fileRef = B22184452CE9F0E5005E33A2 /* Assets.xcassets */; };
		B22184492CE9F0E5005E33A2 /* LaunchScreen.storyboard in Resources */ = {isa = PBXBuildFile; fileRef = B22184472CE9F0E5005E33A2 /* LaunchScreen.storyboard */; };
		B22184542CE9F0E5005E33A2 /* StockPageTests.swift in Sources */ = {isa = PBXBuildFile; fileRef = B22184532CE9F0E5005E33A2 /* StockPageTests.swift */; };
		B221845E2CE9F0E5005E33A2 /* StockPageUITests.swift in Sources */ = {isa = PBXBuildFile; fileRef = B221845D2CE9F0E5005E33A2 /* StockPageUITests.swift */; };
		B22184602CE9F0E5005E33A2 /* StockPageUITestsLaunchTests.swift in Sources */ = {isa = PBXBuildFile; fileRef = B221845F2CE9F0E5005E33A2 /* StockPageUITestsLaunchTests.swift */; };
		B221846F2CEA07CD005E33A2 /* WatchListViewController.swift in Sources */ = {isa = PBXBuildFile; fileRef = B221846E2CEA07CD005E33A2 /* WatchListViewController.swift */; };
		B22184712CEA07D7005E33A2 /* OrderViewController.swift in Sources */ = {isa = PBXBuildFile; fileRef = B22184702CEA07D7005E33A2 /* OrderViewController.swift */; };
		B22184732CEA07E3005E33A2 /* PortfolioViewController.swift in Sources */ = {isa = PBXBuildFile; fileRef = B22184722CEA07E3005E33A2 /* PortfolioViewController.swift */; };
		B22184752CEA07ED005E33A2 /* FundViewController.swift in Sources */ = {isa = PBXBuildFile; fileRef = B22184742CEA07ED005E33A2 /* FundViewController.swift */; };
		B22184772CEA07FB005E33A2 /* InvestViewController.swift in Sources */ = {isa = PBXBuildFile; fileRef = B22184762CEA07FB005E33A2 /* InvestViewController.swift */; };
		B26B5FBF2CECFC5500A40C1A /* Double+Extensions.swift in Sources */ = {isa = PBXBuildFile; fileRef = B26B5FBE2CECFC5500A40C1A /* Double+Extensions.swift */; };
		B2F100C62CEA2A44009E7D37 /* TabChildControllerConfiguration.swift in Sources */ = {isa = PBXBuildFile; fileRef = B2F100C52CEA2A44009E7D37 /* TabChildControllerConfiguration.swift */; };
		B2F100C92CEA46BB009E7D37 /* Constants.swift in Sources */ = {isa = PBXBuildFile; fileRef = B2F100C82CEA46BB009E7D37 /* Constants.swift */; };
		B2F100D22CEA5522009E7D37 /* PortfolioTableCell.swift in Sources */ = {isa = PBXBuildFile; fileRef = B2F100D02CEA5522009E7D37 /* PortfolioTableCell.swift */; };
		B2F100D32CEA5522009E7D37 /* PortfolioTableCell.xib in Resources */ = {isa = PBXBuildFile; fileRef = B2F100D12CEA5522009E7D37 /* PortfolioTableCell.xib */; };
		B2F100D52CEA7E3D009E7D37 /* UIColor+Extensions.swift in Sources */ = {isa = PBXBuildFile; fileRef = B2F100D42CEA7E3D009E7D37 /* UIColor+Extensions.swift */; };
		B2F100D82CEA9634009E7D37 /* HTTPClient.swift in Sources */ = {isa = PBXBuildFile; fileRef = B2F100D72CEA9634009E7D37 /* HTTPClient.swift */; };
		B2F100DA2CEA96DA009E7D37 /* PortfolioDataModel.swift in Sources */ = {isa = PBXBuildFile; fileRef = B2F100D92CEA96DA009E7D37 /* PortfolioDataModel.swift */; };
		B2F100DC2CEAA022009E7D37 /* PortfolioDataViewModel.swift in Sources */ = {isa = PBXBuildFile; fileRef = B2F100DB2CEAA022009E7D37 /* PortfolioDataViewModel.swift */; };
		B2F100E62CEAE7F1009E7D37 /* PortfolioCellViewModel.swift in Sources */ = {isa = PBXBuildFile; fileRef = B2F100E52CEAE7F1009E7D37 /* PortfolioCellViewModel.swift */; };
		B2F100EA2CEC72C3009E7D37 /* BottomSheetUIView.swift in Sources */ = {isa = PBXBuildFile; fileRef = B2F100E92CEC72C3009E7D37 /* BottomSheetUIView.swift */; };
		B2F100EC2CEC9C79009E7D37 /* BottomSheetUIViewModel.swift in Sources */ = {isa = PBXBuildFile; fileRef = B2F100EB2CEC9C79009E7D37 /* BottomSheetUIViewModel.swift */; };
/* End PBXBuildFile section */

/* Begin PBXContainerItemProxy section */
		B22184502CE9F0E5005E33A2 /* PBXContainerItemProxy */ = {
			isa = PBXContainerItemProxy;
			containerPortal = B22184312CE9F0E3005E33A2 /* Project object */;
			proxyType = 1;
			remoteGlobalIDString = B22184382CE9F0E3005E33A2;
			remoteInfo = StockPage;
		};
		B221845A2CE9F0E5005E33A2 /* PBXContainerItemProxy */ = {
			isa = PBXContainerItemProxy;
			containerPortal = B22184312CE9F0E3005E33A2 /* Project object */;
			proxyType = 1;
			remoteGlobalIDString = B22184382CE9F0E3005E33A2;
			remoteInfo = StockPage;
		};
/* End PBXContainerItemProxy section */

/* Begin PBXFileReference section */
		B22184392CE9F0E3005E33A2 /* StockPage.app */ = {isa = PBXFileReference; explicitFileType = wrapper.application; includeInIndex = 0; path = StockPage.app; sourceTree = BUILT_PRODUCTS_DIR; };
		B221843C2CE9F0E3005E33A2 /* AppDelegate.swift */ = {isa = PBXFileReference; lastKnownFileType = sourcecode.swift; path = AppDelegate.swift; sourceTree = "<group>"; };
		B22184402CE9F0E3005E33A2 /* RootTabBarController.swift */ = {isa = PBXFileReference; lastKnownFileType = sourcecode.swift; path = RootTabBarController.swift; sourceTree = "<group>"; };
		B22184452CE9F0E5005E33A2 /* Assets.xcassets */ = {isa = PBXFileReference; lastKnownFileType = folder.assetcatalog; path = Assets.xcassets; sourceTree = "<group>"; };
		B22184482CE9F0E5005E33A2 /* Base */ = {isa = PBXFileReference; lastKnownFileType = file.storyboard; name = Base; path = Base.lproj/LaunchScreen.storyboard; sourceTree = "<group>"; };
		B221844A2CE9F0E5005E33A2 /* Info.plist */ = {isa = PBXFileReference; lastKnownFileType = text.plist.xml; path = Info.plist; sourceTree = "<group>"; };
		B221844F2CE9F0E5005E33A2 /* StockPageTests.xctest */ = {isa = PBXFileReference; explicitFileType = wrapper.cfbundle; includeInIndex = 0; path = StockPageTests.xctest; sourceTree = BUILT_PRODUCTS_DIR; };
		B22184532CE9F0E5005E33A2 /* StockPageTests.swift */ = {isa = PBXFileReference; lastKnownFileType = sourcecode.swift; path = StockPageTests.swift; sourceTree = "<group>"; };
		B22184592CE9F0E5005E33A2 /* StockPageUITests.xctest */ = {isa = PBXFileReference; explicitFileType = wrapper.cfbundle; includeInIndex = 0; path = StockPageUITests.xctest; sourceTree = BUILT_PRODUCTS_DIR; };
		B221845D2CE9F0E5005E33A2 /* StockPageUITests.swift */ = {isa = PBXFileReference; lastKnownFileType = sourcecode.swift; path = StockPageUITests.swift; sourceTree = "<group>"; };
		B221845F2CE9F0E5005E33A2 /* StockPageUITestsLaunchTests.swift */ = {isa = PBXFileReference; lastKnownFileType = sourcecode.swift; path = StockPageUITestsLaunchTests.swift; sourceTree = "<group>"; };
		B221846E2CEA07CD005E33A2 /* WatchListViewController.swift */ = {isa = PBXFileReference; lastKnownFileType = sourcecode.swift; path = WatchListViewController.swift; sourceTree = "<group>"; };
		B22184702CEA07D7005E33A2 /* OrderViewController.swift */ = {isa = PBXFileReference; lastKnownFileType = sourcecode.swift; path = OrderViewController.swift; sourceTree = "<group>"; };
		B22184722CEA07E3005E33A2 /* PortfolioViewController.swift */ = {isa = PBXFileReference; lastKnownFileType = sourcecode.swift; path = PortfolioViewController.swift; sourceTree = "<group>"; };
		B22184742CEA07ED005E33A2 /* FundViewController.swift */ = {isa = PBXFileReference; lastKnownFileType = sourcecode.swift; path = FundViewController.swift; sourceTree = "<group>"; };
		B22184762CEA07FB005E33A2 /* InvestViewController.swift */ = {isa = PBXFileReference; lastKnownFileType = sourcecode.swift; path = InvestViewController.swift; sourceTree = "<group>"; };
		B26B5FBE2CECFC5500A40C1A /* Double+Extensions.swift */ = {isa = PBXFileReference; lastKnownFileType = sourcecode.swift; path = "Double+Extensions.swift"; sourceTree = "<group>"; };
		B2F100C52CEA2A44009E7D37 /* TabChildControllerConfiguration.swift */ = {isa = PBXFileReference; lastKnownFileType = sourcecode.swift; path = TabChildControllerConfiguration.swift; sourceTree = "<group>"; };
		B2F100C82CEA46BB009E7D37 /* Constants.swift */ = {isa = PBXFileReference; lastKnownFileType = sourcecode.swift; path = Constants.swift; sourceTree = "<group>"; };
		B2F100D02CEA5522009E7D37 /* PortfolioTableCell.swift */ = {isa = PBXFileReference; lastKnownFileType = sourcecode.swift; path = PortfolioTableCell.swift; sourceTree = "<group>"; };
		B2F100D12CEA5522009E7D37 /* PortfolioTableCell.xib */ = {isa = PBXFileReference; lastKnownFileType = file.xib; path = PortfolioTableCell.xib; sourceTree = "<group>"; };
		B2F100D42CEA7E3D009E7D37 /* UIColor+Extensions.swift */ = {isa = PBXFileReference; lastKnownFileType = sourcecode.swift; path = "UIColor+Extensions.swift"; sourceTree = "<group>"; };
		B2F100D72CEA9634009E7D37 /* HTTPClient.swift */ = {isa = PBXFileReference; lastKnownFileType = sourcecode.swift; path = HTTPClient.swift; sourceTree = "<group>"; };
		B2F100D92CEA96DA009E7D37 /* PortfolioDataModel.swift */ = {isa = PBXFileReference; lastKnownFileType = sourcecode.swift; path = PortfolioDataModel.swift; sourceTree = "<group>"; };
		B2F100DB2CEAA022009E7D37 /* PortfolioDataViewModel.swift */ = {isa = PBXFileReference; lastKnownFileType = sourcecode.swift; path = PortfolioDataViewModel.swift; sourceTree = "<group>"; };
		B2F100E52CEAE7F1009E7D37 /* PortfolioCellViewModel.swift */ = {isa = PBXFileReference; lastKnownFileType = sourcecode.swift; path = PortfolioCellViewModel.swift; sourceTree = "<group>"; };
		B2F100E92CEC72C3009E7D37 /* BottomSheetUIView.swift */ = {isa = PBXFileReference; lastKnownFileType = sourcecode.swift; path = BottomSheetUIView.swift; sourceTree = "<group>"; };
		B2F100EB2CEC9C79009E7D37 /* BottomSheetUIViewModel.swift */ = {isa = PBXFileReference; lastKnownFileType = sourcecode.swift; path = BottomSheetUIViewModel.swift; sourceTree = "<group>"; };
/* End PBXFileReference section */

/* Begin PBXFrameworksBuildPhase section */
		B22184362CE9F0E3005E33A2 /* Frameworks */ = {
			isa = PBXFrameworksBuildPhase;
			buildActionMask = 2147483647;
			files = (
			);
			runOnlyForDeploymentPostprocessing = 0;
		};
		B221844C2CE9F0E5005E33A2 /* Frameworks */ = {
			isa = PBXFrameworksBuildPhase;
			buildActionMask = 2147483647;
			files = (
			);
			runOnlyForDeploymentPostprocessing = 0;
		};
		B22184562CE9F0E5005E33A2 /* Frameworks */ = {
			isa = PBXFrameworksBuildPhase;
			buildActionMask = 2147483647;
			files = (
			);
			runOnlyForDeploymentPostprocessing = 0;
		};
/* End PBXFrameworksBuildPhase section */

/* Begin PBXGroup section */
		B22184302CE9F0E3005E33A2 = {
			isa = PBXGroup;
			children = (
				B221843B2CE9F0E3005E33A2 /* StockPage */,
				B22184522CE9F0E5005E33A2 /* StockPageTests */,
				B221845C2CE9F0E5005E33A2 /* StockPageUITests */,
				B221843A2CE9F0E3005E33A2 /* Products */,
			);
			sourceTree = "<group>";
		};
		B221843A2CE9F0E3005E33A2 /* Products */ = {
			isa = PBXGroup;
			children = (
				B22184392CE9F0E3005E33A2 /* StockPage.app */,
				B221844F2CE9F0E5005E33A2 /* StockPageTests.xctest */,
				B22184592CE9F0E5005E33A2 /* StockPageUITests.xctest */,
			);
			name = Products;
			sourceTree = "<group>";
		};
		B221843B2CE9F0E3005E33A2 /* StockPage */ = {
			isa = PBXGroup;
			children = (
				B2F100D62CEA9166009E7D37 /* Utils */,
				B29769402CEA21E2001E2D4F /* Extensions */,
				B2F100E72CEC719C009E7D37 /* Components */,
				B2F100C82CEA46BB009E7D37 /* Constants.swift */,
				B221846C2CEA079D005E33A2 /* TabBarControllers */,
				B221843C2CE9F0E3005E33A2 /* AppDelegate.swift */,
				B22184452CE9F0E5005E33A2 /* Assets.xcassets */,
				B22184472CE9F0E5005E33A2 /* LaunchScreen.storyboard */,
				B221844A2CE9F0E5005E33A2 /* Info.plist */,
			);
			path = StockPage;
			sourceTree = "<group>";
		};
		B22184522CE9F0E5005E33A2 /* StockPageTests */ = {
			isa = PBXGroup;
			children = (
				B22184532CE9F0E5005E33A2 /* StockPageTests.swift */,
			);
			path = StockPageTests;
			sourceTree = "<group>";
		};
		B221845C2CE9F0E5005E33A2 /* StockPageUITests */ = {
			isa = PBXGroup;
			children = (
				B221845D2CE9F0E5005E33A2 /* StockPageUITests.swift */,
				B221845F2CE9F0E5005E33A2 /* StockPageUITestsLaunchTests.swift */,
			);
			path = StockPageUITests;
			sourceTree = "<group>";
		};
		B221846C2CEA079D005E33A2 /* TabBarControllers */ = {
			isa = PBXGroup;
			children = (
				B22184402CE9F0E3005E33A2 /* RootTabBarController.swift */,
				B2F100C72CEA2C49009E7D37 /* Enums */,
				B221846D2CEA07A8005E33A2 /* ChildrenControllers */,
			);
			path = TabBarControllers;
			sourceTree = "<group>";
		};
		B221846D2CEA07A8005E33A2 /* ChildrenControllers */ = {
			isa = PBXGroup;
			children = (
				B2F100CB2CEA4E44009E7D37 /* Watch */,
				B2F100CE2CEA4E58009E7D37 /* Order */,
				B2F100CA2CEA4E33009E7D37 /* Portfolio */,
				B2F100CC2CEA4E4F009E7D37 /* Fund */,
				B2F100CD2CEA4E54009E7D37 /* Invest */,
			);
			path = ChildrenControllers;
			sourceTree = "<group>";
		};
		B29769402CEA21E2001E2D4F /* Extensions */ = {
			isa = PBXGroup;
			children = (
				B2F100D42CEA7E3D009E7D37 /* UIColor+Extensions.swift */,
				B26B5FBE2CECFC5500A40C1A /* Double+Extensions.swift */,
			);
			path = Extensions;
			sourceTree = "<group>";
		};
		B2F100C72CEA2C49009E7D37 /* Enums */ = {
			isa = PBXGroup;
			children = (
				B2F100C52CEA2A44009E7D37 /* TabChildControllerConfiguration.swift */,
			);
			path = Enums;
			sourceTree = "<group>";
		};
		B2F100CA2CEA4E33009E7D37 /* Portfolio */ = {
			isa = PBXGroup;
			children = (
				B22184722CEA07E3005E33A2 /* PortfolioViewController.swift */,
				B2F100DB2CEAA022009E7D37 /* PortfolioDataViewModel.swift */,
				B2F100D92CEA96DA009E7D37 /* PortfolioDataModel.swift */,
				B2F100CF2CEA54FF009E7D37 /* Cell */,
			);
			path = Portfolio;
			sourceTree = "<group>";
		};
		B2F100CB2CEA4E44009E7D37 /* Watch */ = {
			isa = PBXGroup;
			children = (
				B221846E2CEA07CD005E33A2 /* WatchListViewController.swift */,
			);
			path = Watch;
			sourceTree = "<group>";
		};
		B2F100CC2CEA4E4F009E7D37 /* Fund */ = {
			isa = PBXGroup;
			children = (
				B22184742CEA07ED005E33A2 /* FundViewController.swift */,
			);
			path = Fund;
			sourceTree = "<group>";
		};
		B2F100CD2CEA4E54009E7D37 /* Invest */ = {
			isa = PBXGroup;
			children = (
				B22184762CEA07FB005E33A2 /* InvestViewController.swift */,
			);
			path = Invest;
			sourceTree = "<group>";
		};
		B2F100CE2CEA4E58009E7D37 /* Order */ = {
			isa = PBXGroup;
			children = (
				B22184702CEA07D7005E33A2 /* OrderViewController.swift */,
			);
			path = Order;
			sourceTree = "<group>";
		};
		B2F100CF2CEA54FF009E7D37 /* Cell */ = {
			isa = PBXGroup;
			children = (
				B2F100D02CEA5522009E7D37 /* PortfolioTableCell.swift */,
				B2F100D12CEA5522009E7D37 /* PortfolioTableCell.xib */,
				B2F100E52CEAE7F1009E7D37 /* PortfolioCellViewModel.swift */,
			);
			path = Cell;
			sourceTree = "<group>";
		};
		B2F100D62CEA9166009E7D37 /* Utils */ = {
			isa = PBXGroup;
			children = (
				B2F100D72CEA9634009E7D37 /* HTTPClient.swift */,
			);
			path = Utils;
			sourceTree = "<group>";
		};
		B2F100E72CEC719C009E7D37 /* Components */ = {
			isa = PBXGroup;
			children = (
				B2F100E82CEC71A4009E7D37 /* BottomSheet */,
			);
			path = Components;
			sourceTree = "<group>";
		};
		B2F100E82CEC71A4009E7D37 /* BottomSheet */ = {
			isa = PBXGroup;
			children = (
				B2F100E92CEC72C3009E7D37 /* BottomSheetUIView.swift */,
				B2F100EB2CEC9C79009E7D37 /* BottomSheetUIViewModel.swift */,
			);
			path = BottomSheet;
			sourceTree = "<group>";
		};
/* End PBXGroup section */

/* Begin PBXNativeTarget section */
		B22184382CE9F0E3005E33A2 /* StockPage */ = {
			isa = PBXNativeTarget;
			buildConfigurationList = B22184632CE9F0E5005E33A2 /* Build configuration list for PBXNativeTarget "StockPage" */;
			buildPhases = (
				B22184352CE9F0E3005E33A2 /* Sources */,
				B22184362CE9F0E3005E33A2 /* Frameworks */,
				B22184372CE9F0E3005E33A2 /* Resources */,
			);
			buildRules = (
			);
			dependencies = (
			);
			name = StockPage;
			productName = StockPage;
			productReference = B22184392CE9F0E3005E33A2 /* StockPage.app */;
			productType = "com.apple.product-type.application";
		};
		B221844E2CE9F0E5005E33A2 /* StockPageTests */ = {
			isa = PBXNativeTarget;
			buildConfigurationList = B22184662CE9F0E5005E33A2 /* Build configuration list for PBXNativeTarget "StockPageTests" */;
			buildPhases = (
				B221844B2CE9F0E5005E33A2 /* Sources */,
				B221844C2CE9F0E5005E33A2 /* Frameworks */,
				B221844D2CE9F0E5005E33A2 /* Resources */,
			);
			buildRules = (
			);
			dependencies = (
				B22184512CE9F0E5005E33A2 /* PBXTargetDependency */,
			);
			name = StockPageTests;
			productName = StockPageTests;
			productReference = B221844F2CE9F0E5005E33A2 /* StockPageTests.xctest */;
			productType = "com.apple.product-type.bundle.unit-test";
		};
		B22184582CE9F0E5005E33A2 /* StockPageUITests */ = {
			isa = PBXNativeTarget;
			buildConfigurationList = B22184692CE9F0E5005E33A2 /* Build configuration list for PBXNativeTarget "StockPageUITests" */;
			buildPhases = (
				B22184552CE9F0E5005E33A2 /* Sources */,
				B22184562CE9F0E5005E33A2 /* Frameworks */,
				B22184572CE9F0E5005E33A2 /* Resources */,
			);
			buildRules = (
			);
			dependencies = (
				B221845B2CE9F0E5005E33A2 /* PBXTargetDependency */,
			);
			name = StockPageUITests;
			productName = StockPageUITests;
			productReference = B22184592CE9F0E5005E33A2 /* StockPageUITests.xctest */;
			productType = "com.apple.product-type.bundle.ui-testing";
		};
/* End PBXNativeTarget section */

/* Begin PBXProject section */
		B22184312CE9F0E3005E33A2 /* Project object */ = {
			isa = PBXProject;
			attributes = {
				BuildIndependentTargetsInParallel = 1;
				LastSwiftUpdateCheck = 1500;
				LastUpgradeCheck = 1500;
				TargetAttributes = {
					B22184382CE9F0E3005E33A2 = {
						CreatedOnToolsVersion = 15.0.1;
					};
					B221844E2CE9F0E5005E33A2 = {
						CreatedOnToolsVersion = 15.0.1;
						TestTargetID = B22184382CE9F0E3005E33A2;
					};
					B22184582CE9F0E5005E33A2 = {
						CreatedOnToolsVersion = 15.0.1;
						TestTargetID = B22184382CE9F0E3005E33A2;
					};
				};
			};
			buildConfigurationList = B22184342CE9F0E3005E33A2 /* Build configuration list for PBXProject "StockPage" */;
			compatibilityVersion = "Xcode 14.0";
			developmentRegion = en;
			hasScannedForEncodings = 0;
			knownRegions = (
				en,
				Base,
			);
			mainGroup = B22184302CE9F0E3005E33A2;
			productRefGroup = B221843A2CE9F0E3005E33A2 /* Products */;
			projectDirPath = "";
			projectRoot = "";
			targets = (
				B22184382CE9F0E3005E33A2 /* StockPage */,
				B221844E2CE9F0E5005E33A2 /* StockPageTests */,
				B22184582CE9F0E5005E33A2 /* StockPageUITests */,
			);
		};
/* End PBXProject section */

/* Begin PBXResourcesBuildPhase section */
		B22184372CE9F0E3005E33A2 /* Resources */ = {
			isa = PBXResourcesBuildPhase;
			buildActionMask = 2147483647;
			files = (
				B22184492CE9F0E5005E33A2 /* LaunchScreen.storyboard in Resources */,
				B2F100D32CEA5522009E7D37 /* PortfolioTableCell.xib in Resources */,
				B22184462CE9F0E5005E33A2 /* Assets.xcassets in Resources */,
			);
			runOnlyForDeploymentPostprocessing = 0;
		};
		B221844D2CE9F0E5005E33A2 /* Resources */ = {
			isa = PBXResourcesBuildPhase;
			buildActionMask = 2147483647;
			files = (
			);
			runOnlyForDeploymentPostprocessing = 0;
		};
		B22184572CE9F0E5005E33A2 /* Resources */ = {
			isa = PBXResourcesBuildPhase;
			buildActionMask = 2147483647;
			files = (
			);
			runOnlyForDeploymentPostprocessing = 0;
		};
/* End PBXResourcesBuildPhase section */

/* Begin PBXSourcesBuildPhase section */
		B22184352CE9F0E3005E33A2 /* Sources */ = {
			isa = PBXSourcesBuildPhase;
			buildActionMask = 2147483647;
			files = (
				B22184412CE9F0E3005E33A2 /* RootTabBarController.swift in Sources */,
				B22184732CEA07E3005E33A2 /* PortfolioViewController.swift in Sources */,
				B2F100E62CEAE7F1009E7D37 /* PortfolioCellViewModel.swift in Sources */,
				B2F100EC2CEC9C79009E7D37 /* BottomSheetUIViewModel.swift in Sources */,
				B2F100D82CEA9634009E7D37 /* HTTPClient.swift in Sources */,
				B22184712CEA07D7005E33A2 /* OrderViewController.swift in Sources */,
				B2F100DA2CEA96DA009E7D37 /* PortfolioDataModel.swift in Sources */,
				B2F100EA2CEC72C3009E7D37 /* BottomSheetUIView.swift in Sources */,
				B221843D2CE9F0E3005E33A2 /* AppDelegate.swift in Sources */,
				B22184752CEA07ED005E33A2 /* FundViewController.swift in Sources */,
				B2F100C92CEA46BB009E7D37 /* Constants.swift in Sources */,
				B2F100D52CEA7E3D009E7D37 /* UIColor+Extensions.swift in Sources */,
				B22184772CEA07FB005E33A2 /* InvestViewController.swift in Sources */,
				B26B5FBF2CECFC5500A40C1A /* Double+Extensions.swift in Sources */,
				B221846F2CEA07CD005E33A2 /* WatchListViewController.swift in Sources */,
				B2F100DC2CEAA022009E7D37 /* PortfolioDataViewModel.swift in Sources */,
				B2F100C62CEA2A44009E7D37 /* TabChildControllerConfiguration.swift in Sources */,
				B2F100D22CEA5522009E7D37 /* PortfolioTableCell.swift in Sources */,
			);
			runOnlyForDeploymentPostprocessing = 0;
		};
		B221844B2CE9F0E5005E33A2 /* Sources */ = {
			isa = PBXSourcesBuildPhase;
			buildActionMask = 2147483647;
			files = (
				B22184542CE9F0E5005E33A2 /* StockPageTests.swift in Sources */,
			);
			runOnlyForDeploymentPostprocessing = 0;
		};
		B22184552CE9F0E5005E33A2 /* Sources */ = {
			isa = PBXSourcesBuildPhase;
			buildActionMask = 2147483647;
			files = (
				B22184602CE9F0E5005E33A2 /* StockPageUITestsLaunchTests.swift in Sources */,
				B221845E2CE9F0E5005E33A2 /* StockPageUITests.swift in Sources */,
			);
			runOnlyForDeploymentPostprocessing = 0;
		};
/* End PBXSourcesBuildPhase section */

/* Begin PBXTargetDependency section */
		B22184512CE9F0E5005E33A2 /* PBXTargetDependency */ = {
			isa = PBXTargetDependency;
			target = B22184382CE9F0E3005E33A2 /* StockPage */;
			targetProxy = B22184502CE9F0E5005E33A2 /* PBXContainerItemProxy */;
		};
		B221845B2CE9F0E5005E33A2 /* PBXTargetDependency */ = {
			isa = PBXTargetDependency;
			target = B22184382CE9F0E3005E33A2 /* StockPage */;
			targetProxy = B221845A2CE9F0E5005E33A2 /* PBXContainerItemProxy */;
		};
/* End PBXTargetDependency section */

/* Begin PBXVariantGroup section */
		B22184472CE9F0E5005E33A2 /* LaunchScreen.storyboard */ = {
			isa = PBXVariantGroup;
			children = (
				B22184482CE9F0E5005E33A2 /* Base */,
			);
			name = LaunchScreen.storyboard;
			sourceTree = "<group>";
		};
/* End PBXVariantGroup section */

/* Begin XCBuildConfiguration section */
		B22184612CE9F0E5005E33A2 /* Debug */ = {
			isa = XCBuildConfiguration;
			buildSettings = {
				ALWAYS_SEARCH_USER_PATHS = NO;
				ASSETCATALOG_COMPILER_GENERATE_SWIFT_ASSET_SYMBOL_EXTENSIONS = YES;
				CLANG_ANALYZER_NONNULL = YES;
				CLANG_ANALYZER_NUMBER_OBJECT_CONVERSION = YES_AGGRESSIVE;
				CLANG_CXX_LANGUAGE_STANDARD = "gnu++20";
				CLANG_ENABLE_MODULES = YES;
				CLANG_ENABLE_OBJC_ARC = YES;
				CLANG_ENABLE_OBJC_WEAK = YES;
				CLANG_WARN_BLOCK_CAPTURE_AUTORELEASING = YES;
				CLANG_WARN_BOOL_CONVERSION = YES;
				CLANG_WARN_COMMA = YES;
				CLANG_WARN_CONSTANT_CONVERSION = YES;
				CLANG_WARN_DEPRECATED_OBJC_IMPLEMENTATIONS = YES;
				CLANG_WARN_DIRECT_OBJC_ISA_USAGE = YES_ERROR;
				CLANG_WARN_DOCUMENTATION_COMMENTS = YES;
				CLANG_WARN_EMPTY_BODY = YES;
				CLANG_WARN_ENUM_CONVERSION = YES;
				CLANG_WARN_INFINITE_RECURSION = YES;
				CLANG_WARN_INT_CONVERSION = YES;
				CLANG_WARN_NON_LITERAL_NULL_CONVERSION = YES;
				CLANG_WARN_OBJC_IMPLICIT_RETAIN_SELF = YES;
				CLANG_WARN_OBJC_LITERAL_CONVERSION = YES;
				CLANG_WARN_OBJC_ROOT_CLASS = YES_ERROR;
				CLANG_WARN_QUOTED_INCLUDE_IN_FRAMEWORK_HEADER = YES;
				CLANG_WARN_RANGE_LOOP_ANALYSIS = YES;
				CLANG_WARN_STRICT_PROTOTYPES = YES;
				CLANG_WARN_SUSPICIOUS_MOVE = YES;
				CLANG_WARN_UNGUARDED_AVAILABILITY = YES_AGGRESSIVE;
				CLANG_WARN_UNREACHABLE_CODE = YES;
				CLANG_WARN__DUPLICATE_METHOD_MATCH = YES;
				COPY_PHASE_STRIP = NO;
				DEBUG_INFORMATION_FORMAT = dwarf;
				ENABLE_STRICT_OBJC_MSGSEND = YES;
				ENABLE_TESTABILITY = YES;
				ENABLE_USER_SCRIPT_SANDBOXING = YES;
				GCC_C_LANGUAGE_STANDARD = gnu17;
				GCC_DYNAMIC_NO_PIC = NO;
				GCC_NO_COMMON_BLOCKS = YES;
				GCC_OPTIMIZATION_LEVEL = 0;
				GCC_PREPROCESSOR_DEFINITIONS = (
					"DEBUG=1",
					"$(inherited)",
				);
				GCC_WARN_64_TO_32_BIT_CONVERSION = YES;
				GCC_WARN_ABOUT_RETURN_TYPE = YES_ERROR;
				GCC_WARN_UNDECLARED_SELECTOR = YES;
				GCC_WARN_UNINITIALIZED_AUTOS = YES_AGGRESSIVE;
				GCC_WARN_UNUSED_FUNCTION = YES;
				GCC_WARN_UNUSED_VARIABLE = YES;
				IPHONEOS_DEPLOYMENT_TARGET = 17.0;
				LOCALIZATION_PREFERS_STRING_CATALOGS = YES;
				MTL_ENABLE_DEBUG_INFO = INCLUDE_SOURCE;
				MTL_FAST_MATH = YES;
				ONLY_ACTIVE_ARCH = YES;
				SDKROOT = iphoneos;
				SWIFT_ACTIVE_COMPILATION_CONDITIONS = "DEBUG $(inherited)";
				SWIFT_OPTIMIZATION_LEVEL = "-Onone";
			};
			name = Debug;
		};
		B22184622CE9F0E5005E33A2 /* Release */ = {
			isa = XCBuildConfiguration;
			buildSettings = {
				ALWAYS_SEARCH_USER_PATHS = NO;
				ASSETCATALOG_COMPILER_GENERATE_SWIFT_ASSET_SYMBOL_EXTENSIONS = YES;
				CLANG_ANALYZER_NONNULL = YES;
				CLANG_ANALYZER_NUMBER_OBJECT_CONVERSION = YES_AGGRESSIVE;
				CLANG_CXX_LANGUAGE_STANDARD = "gnu++20";
				CLANG_ENABLE_MODULES = YES;
				CLANG_ENABLE_OBJC_ARC = YES;
				CLANG_ENABLE_OBJC_WEAK = YES;
				CLANG_WARN_BLOCK_CAPTURE_AUTORELEASING = YES;
				CLANG_WARN_BOOL_CONVERSION = YES;
				CLANG_WARN_COMMA = YES;
				CLANG_WARN_CONSTANT_CONVERSION = YES;
				CLANG_WARN_DEPRECATED_OBJC_IMPLEMENTATIONS = YES;
				CLANG_WARN_DIRECT_OBJC_ISA_USAGE = YES_ERROR;
				CLANG_WARN_DOCUMENTATION_COMMENTS = YES;
				CLANG_WARN_EMPTY_BODY = YES;
				CLANG_WARN_ENUM_CONVERSION = YES;
				CLANG_WARN_INFINITE_RECURSION = YES;
				CLANG_WARN_INT_CONVERSION = YES;
				CLANG_WARN_NON_LITERAL_NULL_CONVERSION = YES;
				CLANG_WARN_OBJC_IMPLICIT_RETAIN_SELF = YES;
				CLANG_WARN_OBJC_LITERAL_CONVERSION = YES;
				CLANG_WARN_OBJC_ROOT_CLASS = YES_ERROR;
				CLANG_WARN_QUOTED_INCLUDE_IN_FRAMEWORK_HEADER = YES;
				CLANG_WARN_RANGE_LOOP_ANALYSIS = YES;
				CLANG_WARN_STRICT_PROTOTYPES = YES;
				CLANG_WARN_SUSPICIOUS_MOVE = YES;
				CLANG_WARN_UNGUARDED_AVAILABILITY = YES_AGGRESSIVE;
				CLANG_WARN_UNREACHABLE_CODE = YES;
				CLANG_WARN__DUPLICATE_METHOD_MATCH = YES;
				COPY_PHASE_STRIP = NO;
				DEBUG_INFORMATION_FORMAT = "dwarf-with-dsym";
				ENABLE_NS_ASSERTIONS = NO;
				ENABLE_STRICT_OBJC_MSGSEND = YES;
				ENABLE_USER_SCRIPT_SANDBOXING = YES;
				GCC_C_LANGUAGE_STANDARD = gnu17;
				GCC_NO_COMMON_BLOCKS = YES;
				GCC_WARN_64_TO_32_BIT_CONVERSION = YES;
				GCC_WARN_ABOUT_RETURN_TYPE = YES_ERROR;
				GCC_WARN_UNDECLARED_SELECTOR = YES;
				GCC_WARN_UNINITIALIZED_AUTOS = YES_AGGRESSIVE;
				GCC_WARN_UNUSED_FUNCTION = YES;
				GCC_WARN_UNUSED_VARIABLE = YES;
				IPHONEOS_DEPLOYMENT_TARGET = 17.0;
				LOCALIZATION_PREFERS_STRING_CATALOGS = YES;
				MTL_ENABLE_DEBUG_INFO = NO;
				MTL_FAST_MATH = YES;
				SDKROOT = iphoneos;
				SWIFT_COMPILATION_MODE = wholemodule;
				VALIDATE_PRODUCT = YES;
			};
			name = Release;
		};
		B22184642CE9F0E5005E33A2 /* Debug */ = {
			isa = XCBuildConfiguration;
			buildSettings = {
				ASSETCATALOG_COMPILER_APPICON_NAME = AppIcon;
				ASSETCATALOG_COMPILER_GLOBAL_ACCENT_COLOR_NAME = AccentColor;
				CODE_SIGN_STYLE = Automatic;
				CURRENT_PROJECT_VERSION = 1;
				DEVELOPMENT_TEAM = B63BRQJKH8;
				GENERATE_INFOPLIST_FILE = YES;
				INFOPLIST_FILE = StockPage/Info.plist;
				INFOPLIST_KEY_UIApplicationSupportsIndirectInputEvents = YES;
				INFOPLIST_KEY_UILaunchStoryboardName = LaunchScreen;
				INFOPLIST_KEY_UISupportedInterfaceOrientations_iPad = "UIInterfaceOrientationPortrait UIInterfaceOrientationPortraitUpsideDown UIInterfaceOrientationLandscapeLeft UIInterfaceOrientationLandscapeRight";
				INFOPLIST_KEY_UISupportedInterfaceOrientations_iPhone = "UIInterfaceOrientationPortrait UIInterfaceOrientationLandscapeLeft UIInterfaceOrientationLandscapeRight";
				IPHONEOS_DEPLOYMENT_TARGET = 15.0;
				LD_RUNPATH_SEARCH_PATHS = (
					"$(inherited)",
					"@executable_path/Frameworks",
				);
				MARKETING_VERSION = 1.0;
				PRODUCT_BUNDLE_IDENTIFIER = theMonk7.StockPage;
				PRODUCT_NAME = "$(TARGET_NAME)";
				SWIFT_EMIT_LOC_STRINGS = YES;
				SWIFT_VERSION = 5.0;
				TARGETED_DEVICE_FAMILY = "1,2";
			};
			name = Debug;
		};
		B22184652CE9F0E5005E33A2 /* Release */ = {
			isa = XCBuildConfiguration;
			buildSettings = {
				ASSETCATALOG_COMPILER_APPICON_NAME = AppIcon;
				ASSETCATALOG_COMPILER_GLOBAL_ACCENT_COLOR_NAME = AccentColor;
				CODE_SIGN_STYLE = Automatic;
				CURRENT_PROJECT_VERSION = 1;
				DEVELOPMENT_TEAM = B63BRQJKH8;
				GENERATE_INFOPLIST_FILE = YES;
				INFOPLIST_FILE = StockPage/Info.plist;
				INFOPLIST_KEY_UIApplicationSupportsIndirectInputEvents = YES;
				INFOPLIST_KEY_UILaunchStoryboardName = LaunchScreen;
				INFOPLIST_KEY_UISupportedInterfaceOrientations_iPad = "UIInterfaceOrientationPortrait UIInterfaceOrientationPortraitUpsideDown UIInterfaceOrientationLandscapeLeft UIInterfaceOrientationLandscapeRight";
				INFOPLIST_KEY_UISupportedInterfaceOrientations_iPhone = "UIInterfaceOrientationPortrait UIInterfaceOrientationLandscapeLeft UIInterfaceOrientationLandscapeRight";
				IPHONEOS_DEPLOYMENT_TARGET = 15.0;
				LD_RUNPATH_SEARCH_PATHS = (
					"$(inherited)",
					"@executable_path/Frameworks",
				);
				MARKETING_VERSION = 1.0;
				PRODUCT_BUNDLE_IDENTIFIER = theMonk7.StockPage;
				PRODUCT_NAME = "$(TARGET_NAME)";
				SWIFT_EMIT_LOC_STRINGS = YES;
				SWIFT_VERSION = 5.0;
				TARGETED_DEVICE_FAMILY = "1,2";
			};
			name = Release;
		};
		B22184672CE9F0E5005E33A2 /* Debug */ = {
			isa = XCBuildConfiguration;
			buildSettings = {
				ALWAYS_EMBED_SWIFT_STANDARD_LIBRARIES = YES;
				BUNDLE_LOADER = "$(TEST_HOST)";
				CODE_SIGN_STYLE = Automatic;
				CURRENT_PROJECT_VERSION = 1;
				DEVELOPMENT_TEAM = B63BRQJKH8;
				GENERATE_INFOPLIST_FILE = YES;
				IPHONEOS_DEPLOYMENT_TARGET = 17.0;
				MARKETING_VERSION = 1.0;
				PRODUCT_BUNDLE_IDENTIFIER = theMonk7.StockPageTests;
				PRODUCT_NAME = "$(TARGET_NAME)";
				SWIFT_EMIT_LOC_STRINGS = NO;
				SWIFT_VERSION = 5.0;
				TARGETED_DEVICE_FAMILY = "1,2";
				TEST_HOST = "$(BUILT_PRODUCTS_DIR)/StockPage.app/$(BUNDLE_EXECUTABLE_FOLDER_PATH)/StockPage";
			};
			name = Debug;
		};
		B22184682CE9F0E5005E33A2 /* Release */ = {
			isa = XCBuildConfiguration;
			buildSettings = {
				ALWAYS_EMBED_SWIFT_STANDARD_LIBRARIES = YES;
				BUNDLE_LOADER = "$(TEST_HOST)";
				CODE_SIGN_STYLE = Automatic;
				CURRENT_PROJECT_VERSION = 1;
				DEVELOPMENT_TEAM = B63BRQJKH8;
				GENERATE_INFOPLIST_FILE = YES;
				IPHONEOS_DEPLOYMENT_TARGET = 17.0;
				MARKETING_VERSION = 1.0;
				PRODUCT_BUNDLE_IDENTIFIER = theMonk7.StockPageTests;
				PRODUCT_NAME = "$(TARGET_NAME)";
				SWIFT_EMIT_LOC_STRINGS = NO;
				SWIFT_VERSION = 5.0;
				TARGETED_DEVICE_FAMILY = "1,2";
				TEST_HOST = "$(BUILT_PRODUCTS_DIR)/StockPage.app/$(BUNDLE_EXECUTABLE_FOLDER_PATH)/StockPage";
			};
			name = Release;
		};
		B221846A2CE9F0E5005E33A2 /* Debug */ = {
			isa = XCBuildConfiguration;
			buildSettings = {
				ALWAYS_EMBED_SWIFT_STANDARD_LIBRARIES = YES;
				CODE_SIGN_STYLE = Automatic;
				CURRENT_PROJECT_VERSION = 1;
				DEVELOPMENT_TEAM = B63BRQJKH8;
				GENERATE_INFOPLIST_FILE = YES;
				MARKETING_VERSION = 1.0;
				PRODUCT_BUNDLE_IDENTIFIER = theMonk7.StockPageUITests;
				PRODUCT_NAME = "$(TARGET_NAME)";
				SWIFT_EMIT_LOC_STRINGS = NO;
				SWIFT_VERSION = 5.0;
				TARGETED_DEVICE_FAMILY = "1,2";
				TEST_TARGET_NAME = StockPage;
			};
			name = Debug;
		};
		B221846B2CE9F0E5005E33A2 /* Release */ = {
			isa = XCBuildConfiguration;
			buildSettings = {
				ALWAYS_EMBED_SWIFT_STANDARD_LIBRARIES = YES;
				CODE_SIGN_STYLE = Automatic;
				CURRENT_PROJECT_VERSION = 1;
				DEVELOPMENT_TEAM = B63BRQJKH8;
				GENERATE_INFOPLIST_FILE = YES;
				MARKETING_VERSION = 1.0;
				PRODUCT_BUNDLE_IDENTIFIER = theMonk7.StockPageUITests;
				PRODUCT_NAME = "$(TARGET_NAME)";
				SWIFT_EMIT_LOC_STRINGS = NO;
				SWIFT_VERSION = 5.0;
				TARGETED_DEVICE_FAMILY = "1,2";
				TEST_TARGET_NAME = StockPage;
			};
			name = Release;
		};
/* End XCBuildConfiguration section */

/* Begin XCConfigurationList section */
		B22184342CE9F0E3005E33A2 /* Build configuration list for PBXProject "StockPage" */ = {
			isa = XCConfigurationList;
			buildConfigurations = (
				B22184612CE9F0E5005E33A2 /* Debug */,
				B22184622CE9F0E5005E33A2 /* Release */,
			);
			defaultConfigurationIsVisible = 0;
			defaultConfigurationName = Release;
		};
		B22184632CE9F0E5005E33A2 /* Build configuration list for PBXNativeTarget "StockPage" */ = {
			isa = XCConfigurationList;
			buildConfigurations = (
				B22184642CE9F0E5005E33A2 /* Debug */,
				B22184652CE9F0E5005E33A2 /* Release */,
			);
			defaultConfigurationIsVisible = 0;
			defaultConfigurationName = Release;
		};
		B22184662CE9F0E5005E33A2 /* Build configuration list for PBXNativeTarget "StockPageTests" */ = {
			isa = XCConfigurationList;
			buildConfigurations = (
				B22184672CE9F0E5005E33A2 /* Debug */,
				B22184682CE9F0E5005E33A2 /* Release */,
			);
			defaultConfigurationIsVisible = 0;
			defaultConfigurationName = Release;
		};
		B22184692CE9F0E5005E33A2 /* Build configuration list for PBXNativeTarget "StockPageUITests" */ = {
			isa = XCConfigurationList;
			buildConfigurations = (
				B221846A2CE9F0E5005E33A2 /* Debug */,
				B221846B2CE9F0E5005E33A2 /* Release */,
			);
			defaultConfigurationIsVisible = 0;
			defaultConfigurationName = Release;
		};
/* End XCConfigurationList section */
	};
	rootObject = B22184312CE9F0E3005E33A2 /* Project object */;
}
